
Microsoft Visual Studio Solution File, Format Version 12.00
# Visual Studio Version 17
VisualStudioVersion = 17.5.33424.131
MinimumVisualStudioVersion = 10.0.40219.1
Project("{FAE04EC0-301F-11D3-BF4B-00C04F79EFBC}") = "Demo01B", "Demo01B\Demo01B.csproj", "{F609F4F6-20F3-4650-B29A-DA22E8756EEC}"
EndProject
Global
	GlobalSection(SolutionConfigurationPlatforms) = preSolution
		Debug|Any CPU = Debug|Any CPU
		Release|Any CPU = Release|Any CPU
	EndGlobalSection
	GlobalSection(ProjectConfigurationPlatforms) = postSolution
		{F609F4F6-20F3-4650-B29A-DA22E8756EEC}.Debug|Any CPU.ActiveCfg = Debug|Any CPU
		{F609F4F6-20F3-4650-B29A-DA22E8756EEC}.Debug|Any CPU.Build.0 = Debug|Any CPU
		{F609F4F6-20F3-4650-B29A-DA22E8756EEC}.Release|Any CPU.ActiveCfg = Release|Any CPU
		{F609F4F6-20F3-4650-B29A-DA22E8756EEC}.Release|Any CPU.Build.0 = Release|Any CPU
	EndGlobalSection
	GlobalSection(SolutionProperties) = preSolution
		HideSolutionNode = FALSE
	EndGlobalSection
	GlobalSection(ExtensibilityGlobals) = postSolution
		SolutionGuid = {FD939502-503A-4489-A75F-C06D95D587FB}
	EndGlobalSection
EndGlobal
